{
  "pins" : [
    {
      "identity" : "core",
      "kind" : "remoteSourceControl",
      "location" : "https://github.com/r1zalf/Core.git",
      "state" : {
        "branch" : "main",
        "revision" : "dd4f719d52cc8c1dc2eeb5453cb613f9cc8e55a3"
      }
    },
    {
      "identity" : "kingfisher",
      "kind" : "remoteSourceControl",
      "location" : "https://github.com/onevcat/Kingfisher",
      "state" : {
        "revision" : "add0a87ec4e31e2ca2a0b2085f0559201e4f5918",
        "version" : "7.10.1"
      }
    },
    {
      "identity" : "realm-core",
      "kind" : "remoteSourceControl",
      "location" : "https://github.com/realm/realm-core.git",
      "state" : {
        "revision" : "71f94d75e25bfc8913fcd93ae8de550b57577a4a",
        "version" : "13.25.0"
      }
    },
    {
      "identity" : "realm-swift",
      "kind" : "remoteSourceControl",
      "location" : "https://github.com/realm/realm-swift.git",
      "state" : {
        "branch" : "master",
        "revision" : "a73034c496d61a3adfd18436e9e886bfc31383ac"
      }
    }
  ],
  "version" : 2
}
